
Microsoft Visual Studio Solution File, Format Version 12.00
# Visual Studio 15
VisualStudioVersion = 15.0.28010.2046
MinimumVisualStudioVersion = 10.0.40219.1
Project("{FAE04EC0-301F-11D3-BF4B-00C04F79EFBC}") = "C.B.MySql", "C.B.MySql\C.B.MySql.csproj", "{26851409-E787-4CF8-B894-6A74E8CBCBC0}"
EndProject
Project("{FAE04EC0-301F-11D3-BF4B-00C04F79EFBC}") = "C.B.Models", "C.B.Models\C.B.Models.csproj", "{0A9D6188-1F50-44FE-8C73-945526BFFD20}"
EndProject
Project("{FAE04EC0-301F-11D3-BF4B-00C04F79EFBC}") = "C.B.Common", "C.B.Common\C.B.Common.csproj", "{F29A8DA5-5788-4972-9270-FED848AF6CB3}"
EndProject
Project("{FAE04EC0-301F-11D3-BF4B-00C04F79EFBC}") = "C.B.Mongo", "C.B.Mongo\C.B.Mongo.csproj", "{410C3851-9495-406D-974C-592119D14F51}"
EndProject
Project("{FAE04EC0-301F-11D3-BF4B-00C04F79EFBC}") = "StmWeb", "StmWeb\StmWeb.csproj", "{4B193605-A888-4E0D-8EA0-2AAEFEDB70E6}"
EndProject
Project("{FAE04EC0-301F-11D3-BF4B-00C04F79EFBC}") = "C.B.Test", "C.B.Test\C.B.Test.csproj", "{6196A72F-8D6C-4E66-A864-72A3CD34C3F4}"
EndProject
Global
	GlobalSection(SolutionConfigurationPlatforms) = preSolution
		Debug|Any CPU = Debug|Any CPU
		Release|Any CPU = Release|Any CPU
	EndGlobalSection
	GlobalSection(ProjectConfigurationPlatforms) = postSolution
		{26851409-E787-4CF8-B894-6A74E8CBCBC0}.Debug|Any CPU.ActiveCfg = Debug|Any CPU
		{26851409-E787-4CF8-B894-6A74E8CBCBC0}.Debug|Any CPU.Build.0 = Debug|Any CPU
		{26851409-E787-4CF8-B894-6A74E8CBCBC0}.Release|Any CPU.ActiveCfg = Release|Any CPU
		{26851409-E787-4CF8-B894-6A74E8CBCBC0}.Release|Any CPU.Build.0 = Release|Any CPU
		{0A9D6188-1F50-44FE-8C73-945526BFFD20}.Debug|Any CPU.ActiveCfg = Debug|Any CPU
		{0A9D6188-1F50-44FE-8C73-945526BFFD20}.Debug|Any CPU.Build.0 = Debug|Any CPU
		{0A9D6188-1F50-44FE-8C73-945526BFFD20}.Release|Any CPU.ActiveCfg = Release|Any CPU
		{0A9D6188-1F50-44FE-8C73-945526BFFD20}.Release|Any CPU.Build.0 = Release|Any CPU
		{F29A8DA5-5788-4972-9270-FED848AF6CB3}.Debug|Any CPU.ActiveCfg = Debug|Any CPU
		{F29A8DA5-5788-4972-9270-FED848AF6CB3}.Debug|Any CPU.Build.0 = Debug|Any CPU
		{F29A8DA5-5788-4972-9270-FED848AF6CB3}.Release|Any CPU.ActiveCfg = Release|Any CPU
		{F29A8DA5-5788-4972-9270-FED848AF6CB3}.Release|Any CPU.Build.0 = Release|Any CPU
		{410C3851-9495-406D-974C-592119D14F51}.Debug|Any CPU.ActiveCfg = Debug|Any CPU
		{410C3851-9495-406D-974C-592119D14F51}.Debug|Any CPU.Build.0 = Debug|Any CPU
		{410C3851-9495-406D-974C-592119D14F51}.Release|Any CPU.ActiveCfg = Release|Any CPU
		{410C3851-9495-406D-974C-592119D14F51}.Release|Any CPU.Build.0 = Release|Any CPU
		{4B193605-A888-4E0D-8EA0-2AAEFEDB70E6}.Debug|Any CPU.ActiveCfg = Debug|Any CPU
		{4B193605-A888-4E0D-8EA0-2AAEFEDB70E6}.Debug|Any CPU.Build.0 = Debug|Any CPU
		{4B193605-A888-4E0D-8EA0-2AAEFEDB70E6}.Release|Any CPU.ActiveCfg = Release|Any CPU
		{4B193605-A888-4E0D-8EA0-2AAEFEDB70E6}.Release|Any CPU.Build.0 = Release|Any CPU
		{6196A72F-8D6C-4E66-A864-72A3CD34C3F4}.Debug|Any CPU.ActiveCfg = Debug|Any CPU
		{6196A72F-8D6C-4E66-A864-72A3CD34C3F4}.Debug|Any CPU.Build.0 = Debug|Any CPU
		{6196A72F-8D6C-4E66-A864-72A3CD34C3F4}.Release|Any CPU.ActiveCfg = Release|Any CPU
		{6196A72F-8D6C-4E66-A864-72A3CD34C3F4}.Release|Any CPU.Build.0 = Release|Any CPU
	EndGlobalSection
	GlobalSection(SolutionProperties) = preSolution
		HideSolutionNode = FALSE
	EndGlobalSection
	GlobalSection(ExtensibilityGlobals) = postSolution
		SolutionGuid = {92DE5539-F7B6-49F3-B487-97DE93DF6C59}
	EndGlobalSection
EndGlobal
